// !$*UTF8*$!
{
	archiveVersion = 1;
	classes = {
	};
	objectVersion = 77;
	objects = {

/* Begin PBXBuildFile section */
		19E3D18E2F18C1BC00AF3440 /* UIKit.framework in Frameworks */ = {isa = PBXBuildFile; fileRef = 19E3D18D2F18C1BC00AF3440 /* UIKit.framework */; platformFilters = (ios, xros, ); };
		205C0DD32EB3605DDC201BBB /* timeline/Views/LoginView.swift in Sources */ = {isa = PBXBuildFile; fileRef = 41CD80CB5E04328E92AAC38A /* timeline/Views/LoginView.swift */; };
		4574DC406B4A4D65993745EE /* timeline/Services/AuthRefreshClient.swift in Sources */ = {isa = PBXBuildFile; fileRef = E951FAD961D0403081C5577A /* timeline/Services/AuthRefreshClient.swift */; };
		5367B9CF994487376DDB7B69 /* timeline/Services/NotesyncConfigurationProvider.swift in Sources */ = {isa = PBXBuildFile; fileRef = FAF69852C8B0D8D5CA773CFE /* timeline/Services/NotesyncConfigurationProvider.swift */; };
		59616087C94DA93C7BF9D76D /* timelineTests/AuthLinkHandlerTests.swift in Sources */ = {isa = PBXBuildFile; fileRef = 312BED2776B6B68734724C1D /* timelineTests/AuthLinkHandlerTests.swift */; };
		6170997F4EABF2EBB8864D89 /* timeline/Services/AppConfiguration.swift in Sources */ = {isa = PBXBuildFile; fileRef = E22D2CF0FB088215DC305EDE /* timeline/Services/AppConfiguration.swift */; };
		695BA90911380E5950E4B7CB /* timelineTests/NotesyncConfigurationProviderTests.swift in Sources */ = {isa = PBXBuildFile; fileRef = EBD6638BEEC1D4F1FFD32485 /* timelineTests/NotesyncConfigurationProviderTests.swift */; };
		7481AB7608C1408DE54DA247 /* timeline/Services/AuthExchangeClient.swift in Sources */ = {isa = PBXBuildFile; fileRef = A91B110355BDAD02B0D82A16 /* timeline/Services/AuthExchangeClient.swift */; };
		827E03594DCACBC7A3DF91D8 /* timeline/Services/AuthLinkHandler.swift in Sources */ = {isa = PBXBuildFile; fileRef = D74DE0B3D328A3901ECD77C7 /* timeline/Services/AuthLinkHandler.swift */; };
		9AAFF4E75C2D531C24302E1E /* timeline/Services/AuthSessionManager.swift in Sources */ = {isa = PBXBuildFile; fileRef = F48EB35039D67FC1DFB7CC08 /* timeline/Services/AuthSessionManager.swift */; };
		A1A922B8AA504A379E2C981D /* timeline/Services/NotesyncAPI.swift in Sources */ = {isa = PBXBuildFile; fileRef = B89BDD5C0156413E9A3C09A8 /* timeline/Services/NotesyncAPI.swift */; };
		AA565B31B5994068A3BF4242 /* timeline/Services/NotesyncBatcher.swift in Sources */ = {isa = PBXBuildFile; fileRef = 01AB1DC23ECA4FCA83AA145F /* timeline/Services/NotesyncBatcher.swift */; };
		B44E81BB076A12F68A85C4BD /* timelineTests/NotesyncDocsTests.swift in Sources */ = {isa = PBXBuildFile; fileRef = 40866A9F670EADBFB5827341 /* timelineTests/NotesyncDocsTests.swift */; };
		BE86A8257CB94A7A1C18A9F9 /* timelineTests/AuthSessionManagerTests.swift in Sources */ = {isa = PBXBuildFile; fileRef = 3632B08A0AC2D508FB5C33E2 /* timelineTests/AuthSessionManagerTests.swift */; };
		CF33152451CF46A087A6738B /* timelineTests/NotesyncBatcherTests.swift in Sources */ = {isa = PBXBuildFile; fileRef = C7226635D85B48C183E1BEA9 /* timelineTests/NotesyncBatcherTests.swift */; };
/* End PBXBuildFile section */

/* Begin PBXContainerItemProxy section */
		19E3D1202F18884000AF3440 /* PBXContainerItemProxy */ = {
			isa = PBXContainerItemProxy;
			containerPortal = 19E3D1062F18883F00AF3440 /* Project object */;
			proxyType = 1;
			remoteGlobalIDString = 19E3D10D2F18883F00AF3440;
			remoteInfo = timeline;
		};
		19E3D12A2F18884000AF3440 /* PBXContainerItemProxy */ = {
			isa = PBXContainerItemProxy;
			containerPortal = 19E3D1062F18883F00AF3440 /* Project object */;
			proxyType = 1;
			remoteGlobalIDString = 19E3D10D2F18883F00AF3440;
			remoteInfo = timeline;
		};
/* End PBXContainerItemProxy section */

/* Begin PBXFileReference section */
		01AB1DC23ECA4FCA83AA145F /* timeline/Services/NotesyncBatcher.swift */ = {isa = PBXFileReference; lastKnownFileType = sourcecode.swift; path = timeline/Services/NotesyncBatcher.swift; sourceTree = SOURCE_ROOT; };
		19E3D10E2F18883F00AF3440 /* timeline.app */ = {isa = PBXFileReference; explicitFileType = wrapper.application; includeInIndex = 0; path = timeline.app; sourceTree = BUILT_PRODUCTS_DIR; };
		19E3D11F2F18884000AF3440 /* timelineTests.xctest */ = {isa = PBXFileReference; explicitFileType = wrapper.cfbundle; includeInIndex = 0; path = timelineTests.xctest; sourceTree = BUILT_PRODUCTS_DIR; };
		19E3D1292F18884000AF3440 /* timelineUITests.xctest */ = {isa = PBXFileReference; explicitFileType = wrapper.cfbundle; includeInIndex = 0; path = timelineUITests.xctest; sourceTree = BUILT_PRODUCTS_DIR; };
		19E3D18D2F18C1BC00AF3440 /* UIKit.framework */ = {isa = PBXFileReference; lastKnownFileType = wrapper.framework; name = UIKit.framework; path = Platforms/iPhoneOS.platform/Developer/SDKs/iPhoneOS18.0.sdk/System/Library/Frameworks/UIKit.framework; sourceTree = DEVELOPER_DIR; };
		312BED2776B6B68734724C1D /* timelineTests/AuthLinkHandlerTests.swift */ = {isa = PBXFileReference; lastKnownFileType = sourcecode.swift; path = timelineTests/AuthLinkHandlerTests.swift; sourceTree = SOURCE_ROOT; };
		3632B08A0AC2D508FB5C33E2 /* timelineTests/AuthSessionManagerTests.swift */ = {isa = PBXFileReference; lastKnownFileType = sourcecode.swift; path = timelineTests/AuthSessionManagerTests.swift; sourceTree = SOURCE_ROOT; };
		40866A9F670EADBFB5827341 /* timelineTests/NotesyncDocsTests.swift */ = {isa = PBXFileReference; lastKnownFileType = sourcecode.swift; path = timelineTests/NotesyncDocsTests.swift; sourceTree = SOURCE_ROOT; };
		41CD80CB5E04328E92AAC38A /* timeline/Views/LoginView.swift */ = {isa = PBXFileReference; lastKnownFileType = sourcecode.swift; path = timeline/Views/LoginView.swift; sourceTree = SOURCE_ROOT; };
		A91B110355BDAD02B0D82A16 /* timeline/Services/AuthExchangeClient.swift */ = {isa = PBXFileReference; lastKnownFileType = sourcecode.swift; path = timeline/Services/AuthExchangeClient.swift; sourceTree = SOURCE_ROOT; };
		B89BDD5C0156413E9A3C09A8 /* timeline/Services/NotesyncAPI.swift */ = {isa = PBXFileReference; lastKnownFileType = sourcecode.swift; path = timeline/Services/NotesyncAPI.swift; sourceTree = SOURCE_ROOT; };
		C7226635D85B48C183E1BEA9 /* timelineTests/NotesyncBatcherTests.swift */ = {isa = PBXFileReference; lastKnownFileType = sourcecode.swift; path = timelineTests/NotesyncBatcherTests.swift; sourceTree = SOURCE_ROOT; };
		D74DE0B3D328A3901ECD77C7 /* timeline/Services/AuthLinkHandler.swift */ = {isa = PBXFileReference; lastKnownFileType = sourcecode.swift; path = timeline/Services/AuthLinkHandler.swift; sourceTree = SOURCE_ROOT; };
		E22D2CF0FB088215DC305EDE /* timeline/Services/AppConfiguration.swift */ = {isa = PBXFileReference; lastKnownFileType = sourcecode.swift; path = timeline/Services/AppConfiguration.swift; sourceTree = SOURCE_ROOT; };
		E951FAD961D0403081C5577A /* timeline/Services/AuthRefreshClient.swift */ = {isa = PBXFileReference; lastKnownFileType = sourcecode.swift; path = timeline/Services/AuthRefreshClient.swift; sourceTree = SOURCE_ROOT; };
		EBD6638BEEC1D4F1FFD32485 /* timelineTests/NotesyncConfigurationProviderTests.swift */ = {isa = PBXFileReference; lastKnownFileType = sourcecode.swift; path = timelineTests/NotesyncConfigurationProviderTests.swift; sourceTree = SOURCE_ROOT; };
		F48EB35039D67FC1DFB7CC08 /* timeline/Services/AuthSessionManager.swift */ = {isa = PBXFileReference; lastKnownFileType = sourcecode.swift; path = timeline/Services/AuthSessionManager.swift; sourceTree = SOURCE_ROOT; };
		FAF69852C8B0D8D5CA773CFE /* timeline/Services/NotesyncConfigurationProvider.swift */ = {isa = PBXFileReference; lastKnownFileType = sourcecode.swift; path = timeline/Services/NotesyncConfigurationProvider.swift; sourceTree = SOURCE_ROOT; };
/* End PBXFileReference section */

/* Begin PBXFileSystemSynchronizedBuildFileExceptionSet section */
		192E018A2F1E533600F5E980 /* Exceptions for "timeline" folder in "timeline" target */ = {
			isa = PBXFileSystemSynchronizedBuildFileExceptionSet;
			membershipExceptions = (
				Info.plist,
			);
			target = 19E3D10D2F18883F00AF3440 /* timeline */;
		};
/* End PBXFileSystemSynchronizedBuildFileExceptionSet section */

/* Begin PBXFileSystemSynchronizedRootGroup section */
		19E3D1102F18883F00AF3440 /* timeline */ = {
			isa = PBXFileSystemSynchronizedRootGroup;
			exceptions = (
				192E018A2F1E533600F5E980 /* Exceptions for "timeline" folder in "timeline" target */,
			);
			path = timeline;
			sourceTree = "<group>";
		};
		19E3D1222F18884000AF3440 /* timelineTests */ = {
			isa = PBXFileSystemSynchronizedRootGroup;
			path = timelineTests;
			sourceTree = "<group>";
		};
		19E3D12C2F18884000AF3440 /* timelineUITests */ = {
			isa = PBXFileSystemSynchronizedRootGroup;
			path = timelineUITests;
			sourceTree = "<group>";
		};
/* End PBXFileSystemSynchronizedRootGroup section */

/* Begin PBXFrameworksBuildPhase section */
		19E3D10B2F18883F00AF3440 /* Frameworks */ = {
			isa = PBXFrameworksBuildPhase;
			buildActionMask = 2147483647;
			files = (
				19E3D18E2F18C1BC00AF3440 /* UIKit.framework in Frameworks */,
			);
			runOnlyForDeploymentPostprocessing = 0;
		};
		19E3D11C2F18884000AF3440 /* Frameworks */ = {
			isa = PBXFrameworksBuildPhase;
			buildActionMask = 2147483647;
			files = (
			);
			runOnlyForDeploymentPostprocessing = 0;
		};
		19E3D1262F18884000AF3440 /* Frameworks */ = {
			isa = PBXFrameworksBuildPhase;
			buildActionMask = 2147483647;
			files = (
			);
			runOnlyForDeploymentPostprocessing = 0;
		};
/* End PBXFrameworksBuildPhase section */

/* Begin PBXGroup section */
		192EFFB22F1E142200F5E980 /* Recovered References */ = {
			isa = PBXGroup;
			children = (
				E22D2CF0FB088215DC305EDE /* timeline/Services/AppConfiguration.swift */,
				41CD80CB5E04328E92AAC38A /* timeline/Views/LoginView.swift */,
				A91B110355BDAD02B0D82A16 /* timeline/Services/AuthExchangeClient.swift */,
				D74DE0B3D328A3901ECD77C7 /* timeline/Services/AuthLinkHandler.swift */,
				F48EB35039D67FC1DFB7CC08 /* timeline/Services/AuthSessionManager.swift */,
				E951FAD961D0403081C5577A /* timeline/Services/AuthRefreshClient.swift */,
				B89BDD5C0156413E9A3C09A8 /* timeline/Services/NotesyncAPI.swift */,
				01AB1DC23ECA4FCA83AA145F /* timeline/Services/NotesyncBatcher.swift */,
				FAF69852C8B0D8D5CA773CFE /* timeline/Services/NotesyncConfigurationProvider.swift */,
				312BED2776B6B68734724C1D /* timelineTests/AuthLinkHandlerTests.swift */,
				3632B08A0AC2D508FB5C33E2 /* timelineTests/AuthSessionManagerTests.swift */,
				40866A9F670EADBFB5827341 /* timelineTests/NotesyncDocsTests.swift */,
				C7226635D85B48C183E1BEA9 /* timelineTests/NotesyncBatcherTests.swift */,
				EBD6638BEEC1D4F1FFD32485 /* timelineTests/NotesyncConfigurationProviderTests.swift */,
			);
			name = "Recovered References";
			sourceTree = "<group>";
		};
		19E3D1052F18883F00AF3440 = {
			isa = PBXGroup;
			children = (
				19E3D1102F18883F00AF3440 /* timeline */,
				19E3D1222F18884000AF3440 /* timelineTests */,
				19E3D12C2F18884000AF3440 /* timelineUITests */,
				19E3D18C2F18C1BC00AF3440 /* Frameworks */,
				19E3D10F2F18883F00AF3440 /* Products */,
				192EFFB22F1E142200F5E980 /* Recovered References */,
			);
			sourceTree = "<group>";
		};
		19E3D10F2F18883F00AF3440 /* Products */ = {
			isa = PBXGroup;
			children = (
				19E3D10E2F18883F00AF3440 /* timeline.app */,
				19E3D11F2F18884000AF3440 /* timelineTests.xctest */,
				19E3D1292F18884000AF3440 /* timelineUITests.xctest */,
			);
			name = Products;
			sourceTree = "<group>";
		};
		19E3D18C2F18C1BC00AF3440 /* Frameworks */ = {
			isa = PBXGroup;
			children = (
				19E3D18D2F18C1BC00AF3440 /* UIKit.framework */,
			);
			name = Frameworks;
			sourceTree = "<group>";
		};
/* End PBXGroup section */

/* Begin PBXNativeTarget section */
		19E3D10D2F18883F00AF3440 /* timeline */ = {
			isa = PBXNativeTarget;
			buildConfigurationList = 19E3D1332F18884000AF3440 /* Build configuration list for PBXNativeTarget "timeline" */;
			buildPhases = (
				19E3D10A2F18883F00AF3440 /* Sources */,
				19E3D10B2F18883F00AF3440 /* Frameworks */,
				19E3D10C2F18883F00AF3440 /* Resources */,
			);
			buildRules = (
			);
			dependencies = (
			);
			fileSystemSynchronizedGroups = (
				19E3D1102F18883F00AF3440 /* timeline */,
			);
			name = timeline;
			packageProductDependencies = (
			);
			productName = timeline;
			productReference = 19E3D10E2F18883F00AF3440 /* timeline.app */;
			productType = "com.apple.product-type.application";
		};
		19E3D11E2F18884000AF3440 /* timelineTests */ = {
			isa = PBXNativeTarget;
			buildConfigurationList = 19E3D1362F18884000AF3440 /* Build configuration list for PBXNativeTarget "timelineTests" */;
			buildPhases = (
				19E3D11B2F18884000AF3440 /* Sources */,
				19E3D11C2F18884000AF3440 /* Frameworks */,
				19E3D11D2F18884000AF3440 /* Resources */,
			);
			buildRules = (
			);
			dependencies = (
				19E3D1212F18884000AF3440 /* PBXTargetDependency */,
			);
			fileSystemSynchronizedGroups = (
				19E3D1222F18884000AF3440 /* timelineTests */,
			);
			name = timelineTests;
			packageProductDependencies = (
			);
			productName = timelineTests;
			productReference = 19E3D11F2F18884000AF3440 /* timelineTests.xctest */;
			productType = "com.apple.product-type.bundle.unit-test";
		};
		19E3D1282F18884000AF3440 /* timelineUITests */ = {
			isa = PBXNativeTarget;
			buildConfigurationList = 19E3D1392F18884000AF3440 /* Build configuration list for PBXNativeTarget "timelineUITests" */;
			buildPhases = (
				19E3D1252F18884000AF3440 /* Sources */,
				19E3D1262F18884000AF3440 /* Frameworks */,
				19E3D1272F18884000AF3440 /* Resources */,
			);
			buildRules = (
			);
			dependencies = (
				19E3D12B2F18884000AF3440 /* PBXTargetDependency */,
			);
			fileSystemSynchronizedGroups = (
				19E3D12C2F18884000AF3440 /* timelineUITests */,
			);
			name = timelineUITests;
			packageProductDependencies = (
			);
			productName = timelineUITests;
			productReference = 19E3D1292F18884000AF3440 /* timelineUITests.xctest */;
			productType = "com.apple.product-type.bundle.ui-testing";
		};
/* End PBXNativeTarget section */

/* Begin PBXProject section */
		19E3D1062F18883F00AF3440 /* Project object */ = {
			isa = PBXProject;
			attributes = {
				BuildIndependentTargetsInParallel = 1;
				LastSwiftUpdateCheck = 1600;
				LastUpgradeCheck = 1600;
				TargetAttributes = {
					19E3D10D2F18883F00AF3440 = {
						CreatedOnToolsVersion = 16.0;
					};
					19E3D11E2F18884000AF3440 = {
						CreatedOnToolsVersion = 16.0;
						TestTargetID = 19E3D10D2F18883F00AF3440;
					};
					19E3D1282F18884000AF3440 = {
						CreatedOnToolsVersion = 16.0;
						TestTargetID = 19E3D10D2F18883F00AF3440;
					};
				};
			};
			buildConfigurationList = 19E3D1092F18883F00AF3440 /* Build configuration list for PBXProject "timeline" */;
			developmentRegion = en;
			hasScannedForEncodings = 0;
			knownRegions = (
				en,
				Base,
			);
			mainGroup = 19E3D1052F18883F00AF3440;
			minimizedProjectReferenceProxies = 1;
			preferredProjectObjectVersion = 77;
			productRefGroup = 19E3D10F2F18883F00AF3440 /* Products */;
			projectDirPath = "";
			projectRoot = "";
			targets = (
				19E3D10D2F18883F00AF3440 /* timeline */,
				19E3D11E2F18884000AF3440 /* timelineTests */,
				19E3D1282F18884000AF3440 /* timelineUITests */,
			);
		};
/* End PBXProject section */

/* Begin PBXResourcesBuildPhase section */
		19E3D10C2F18883F00AF3440 /* Resources */ = {
			isa = PBXResourcesBuildPhase;
			buildActionMask = 2147483647;
			files = (
			);
			runOnlyForDeploymentPostprocessing = 0;
		};
		19E3D11D2F18884000AF3440 /* Resources */ = {
			isa = PBXResourcesBuildPhase;
			buildActionMask = 2147483647;
			files = (
			);
			runOnlyForDeploymentPostprocessing = 0;
		};
		19E3D1272F18884000AF3440 /* Resources */ = {
			isa = PBXResourcesBuildPhase;
			buildActionMask = 2147483647;
			files = (
			);
			runOnlyForDeploymentPostprocessing = 0;
		};
/* End PBXResourcesBuildPhase section */

/* Begin PBXSourcesBuildPhase section */
		19E3D10A2F18883F00AF3440 /* Sources */ = {
			isa = PBXSourcesBuildPhase;
			buildActionMask = 2147483647;
			files = (
				6170997F4EABF2EBB8864D89 /* timeline/Services/AppConfiguration.swift in Sources */,
				205C0DD32EB3605DDC201BBB /* timeline/Views/LoginView.swift in Sources */,
				A1A922B8AA504A379E2C981D /* timeline/Services/NotesyncAPI.swift in Sources */,
				AA565B31B5994068A3BF4242 /* timeline/Services/NotesyncBatcher.swift in Sources */,
				4574DC406B4A4D65993745EE /* timeline/Services/AuthRefreshClient.swift in Sources */,
				7481AB7608C1408DE54DA247 /* timeline/Services/AuthExchangeClient.swift in Sources */,
				827E03594DCACBC7A3DF91D8 /* timeline/Services/AuthLinkHandler.swift in Sources */,
				9AAFF4E75C2D531C24302E1E /* timeline/Services/AuthSessionManager.swift in Sources */,
				5367B9CF994487376DDB7B69 /* timeline/Services/NotesyncConfigurationProvider.swift in Sources */,
			);
			runOnlyForDeploymentPostprocessing = 0;
		};
		19E3D11B2F18884000AF3440 /* Sources */ = {
			isa = PBXSourcesBuildPhase;
			buildActionMask = 2147483647;
			files = (
				59616087C94DA93C7BF9D76D /* timelineTests/AuthLinkHandlerTests.swift in Sources */,
				BE86A8257CB94A7A1C18A9F9 /* timelineTests/AuthSessionManagerTests.swift in Sources */,
				B44E81BB076A12F68A85C4BD /* timelineTests/NotesyncDocsTests.swift in Sources */,
				CF33152451CF46A087A6738B /* timelineTests/NotesyncBatcherTests.swift in Sources */,
				695BA90911380E5950E4B7CB /* timelineTests/NotesyncConfigurationProviderTests.swift in Sources */,
			);
			runOnlyForDeploymentPostprocessing = 0;
		};
		19E3D1252F18884000AF3440 /* Sources */ = {
			isa = PBXSourcesBuildPhase;
			buildActionMask = 2147483647;
			files = (
			);
			runOnlyForDeploymentPostprocessing = 0;
		};
/* End PBXSourcesBuildPhase section */

/* Begin PBXTargetDependency section */
		19E3D1212F18884000AF3440 /* PBXTargetDependency */ = {
			isa = PBXTargetDependency;
			target = 19E3D10D2F18883F00AF3440 /* timeline */;
			targetProxy = 19E3D1202F18884000AF3440 /* PBXContainerItemProxy */;
		};
		19E3D12B2F18884000AF3440 /* PBXTargetDependency */ = {
			isa = PBXTargetDependency;
			target = 19E3D10D2F18883F00AF3440 /* timeline */;
			targetProxy = 19E3D12A2F18884000AF3440 /* PBXContainerItemProxy */;
		};
/* End PBXTargetDependency section */

/* Begin XCBuildConfiguration section */
		19E3D1312F18884000AF3440 /* Debug */ = {
			isa = XCBuildConfiguration;
			buildSettings = {
				ALWAYS_SEARCH_USER_PATHS = NO;
				ASSETCATALOG_COMPILER_GENERATE_SWIFT_ASSET_SYMBOL_EXTENSIONS = YES;
				CLANG_ANALYZER_NONNULL = YES;
				CLANG_ANALYZER_NUMBER_OBJECT_CONVERSION = YES_AGGRESSIVE;
				CLANG_CXX_LANGUAGE_STANDARD = "gnu++20";
				CLANG_ENABLE_MODULES = YES;
				CLANG_ENABLE_OBJC_ARC = YES;
				CLANG_ENABLE_OBJC_WEAK = YES;
				CLANG_WARN_BLOCK_CAPTURE_AUTORELEASING = YES;
				CLANG_WARN_BOOL_CONVERSION = YES;
				CLANG_WARN_COMMA = YES;
				CLANG_WARN_CONSTANT_CONVERSION = YES;
				CLANG_WARN_DEPRECATED_OBJC_IMPLEMENTATIONS = YES;
				CLANG_WARN_DIRECT_OBJC_ISA_USAGE = YES_ERROR;
				CLANG_WARN_DOCUMENTATION_COMMENTS = YES;
				CLANG_WARN_EMPTY_BODY = YES;
				CLANG_WARN_ENUM_CONVERSION = YES;
				CLANG_WARN_INFINITE_RECURSION = YES;
				CLANG_WARN_INT_CONVERSION = YES;
				CLANG_WARN_NON_LITERAL_NULL_CONVERSION = YES;
				CLANG_WARN_OBJC_IMPLICIT_RETAIN_SELF = YES;
				CLANG_WARN_OBJC_LITERAL_CONVERSION = YES;
				CLANG_WARN_OBJC_ROOT_CLASS = YES_ERROR;
				CLANG_WARN_QUOTED_INCLUDE_IN_FRAMEWORK_HEADER = YES;
				CLANG_WARN_RANGE_LOOP_ANALYSIS = YES;
				CLANG_WARN_STRICT_PROTOTYPES = YES;
				CLANG_WARN_SUSPICIOUS_MOVE = YES;
				CLANG_WARN_UNGUARDED_AVAILABILITY = YES_AGGRESSIVE;
				CLANG_WARN_UNREACHABLE_CODE = YES;
				CLANG_WARN__DUPLICATE_METHOD_MATCH = YES;
				COPY_PHASE_STRIP = NO;
				DEBUG_INFORMATION_FORMAT = dwarf;
				ENABLE_STRICT_OBJC_MSGSEND = YES;
				ENABLE_TESTABILITY = YES;
				ENABLE_USER_SCRIPT_SANDBOXING = YES;
				GCC_C_LANGUAGE_STANDARD = gnu17;
				GCC_DYNAMIC_NO_PIC = NO;
				GCC_NO_COMMON_BLOCKS = YES;
				GCC_OPTIMIZATION_LEVEL = 0;
				GCC_PREPROCESSOR_DEFINITIONS = (
					"DEBUG=1",
					"$(inherited)",
				);
				GCC_WARN_64_TO_32_BIT_CONVERSION = YES;
				GCC_WARN_ABOUT_RETURN_TYPE = YES_ERROR;
				GCC_WARN_UNDECLARED_SELECTOR = YES;
				GCC_WARN_UNINITIALIZED_AUTOS = YES_AGGRESSIVE;
				GCC_WARN_UNUSED_FUNCTION = YES;
				GCC_WARN_UNUSED_VARIABLE = YES;
				LOCALIZATION_PREFERS_STRING_CATALOGS = YES;
				MTL_ENABLE_DEBUG_INFO = INCLUDE_SOURCE;
				MTL_FAST_MATH = YES;
				ONLY_ACTIVE_ARCH = YES;
				SWIFT_ACTIVE_COMPILATION_CONDITIONS = "DEBUG $(inherited)";
				SWIFT_OPTIMIZATION_LEVEL = "-Onone";
			};
			name = Debug;
		};
		19E3D1322F18884000AF3440 /* Release */ = {
			isa = XCBuildConfiguration;
			buildSettings = {
				ALWAYS_SEARCH_USER_PATHS = NO;
				ASSETCATALOG_COMPILER_GENERATE_SWIFT_ASSET_SYMBOL_EXTENSIONS = YES;
				CLANG_ANALYZER_NONNULL = YES;
				CLANG_ANALYZER_NUMBER_OBJECT_CONVERSION = YES_AGGRESSIVE;
				CLANG_CXX_LANGUAGE_STANDARD = "gnu++20";
				CLANG_ENABLE_MODULES = YES;
				CLANG_ENABLE_OBJC_ARC = YES;
				CLANG_ENABLE_OBJC_WEAK = YES;
				CLANG_WARN_BLOCK_CAPTURE_AUTORELEASING = YES;
				CLANG_WARN_BOOL_CONVERSION = YES;
				CLANG_WARN_COMMA = YES;
				CLANG_WARN_CONSTANT_CONVERSION = YES;
				CLANG_WARN_DEPRECATED_OBJC_IMPLEMENTATIONS = YES;
				CLANG_WARN_DIRECT_OBJC_ISA_USAGE = YES_ERROR;
				CLANG_WARN_DOCUMENTATION_COMMENTS = YES;
				CLANG_WARN_EMPTY_BODY = YES;
				CLANG_WARN_ENUM_CONVERSION = YES;
				CLANG_WARN_INFINITE_RECURSION = YES;
				CLANG_WARN_INT_CONVERSION = YES;
				CLANG_WARN_NON_LITERAL_NULL_CONVERSION = YES;
				CLANG_WARN_OBJC_IMPLICIT_RETAIN_SELF = YES;
				CLANG_WARN_OBJC_LITERAL_CONVERSION = YES;
				CLANG_WARN_OBJC_ROOT_CLASS = YES_ERROR;
				CLANG_WARN_QUOTED_INCLUDE_IN_FRAMEWORK_HEADER = YES;
				CLANG_WARN_RANGE_LOOP_ANALYSIS = YES;
				CLANG_WARN_STRICT_PROTOTYPES = YES;
				CLANG_WARN_SUSPICIOUS_MOVE = YES;
				CLANG_WARN_UNGUARDED_AVAILABILITY = YES_AGGRESSIVE;
				CLANG_WARN_UNREACHABLE_CODE = YES;
				CLANG_WARN__DUPLICATE_METHOD_MATCH = YES;
				COPY_PHASE_STRIP = NO;
				DEBUG_INFORMATION_FORMAT = "dwarf-with-dsym";
				ENABLE_NS_ASSERTIONS = NO;
				ENABLE_STRICT_OBJC_MSGSEND = YES;
				ENABLE_USER_SCRIPT_SANDBOXING = YES;
				GCC_C_LANGUAGE_STANDARD = gnu17;
				GCC_NO_COMMON_BLOCKS = YES;
				GCC_WARN_64_TO_32_BIT_CONVERSION = YES;
				GCC_WARN_ABOUT_RETURN_TYPE = YES_ERROR;
				GCC_WARN_UNDECLARED_SELECTOR = YES;
				GCC_WARN_UNINITIALIZED_AUTOS = YES_AGGRESSIVE;
				GCC_WARN_UNUSED_FUNCTION = YES;
				GCC_WARN_UNUSED_VARIABLE = YES;
				LOCALIZATION_PREFERS_STRING_CATALOGS = YES;
				MTL_ENABLE_DEBUG_INFO = NO;
				MTL_FAST_MATH = YES;
				SWIFT_COMPILATION_MODE = wholemodule;
			};
			name = Release;
		};
		19E3D1342F18884000AF3440 /* Debug */ = {
			isa = XCBuildConfiguration;
			buildSettings = {
				ASSETCATALOG_COMPILER_APPICON_NAME = AppIcon;
				ASSETCATALOG_COMPILER_GLOBAL_ACCENT_COLOR_NAME = AccentColor;
				CODE_SIGN_ENTITLEMENTS = timeline/timeline.entitlements;
				CODE_SIGN_STYLE = Automatic;
				CURRENT_PROJECT_VERSION = 1;
				DEVELOPMENT_ASSET_PATHS = "\"timeline/Preview Content\"";
				DEVELOPMENT_TEAM = R7V4TCF8A6;
				ENABLE_HARDENED_RUNTIME = YES;
				ENABLE_PREVIEWS = YES;
				GENERATE_INFOPLIST_FILE = YES;
				INFOPLIST_FILE = timeline/Info.plist;
				INFOPLIST_KEY_CFBundleURLTypes = "{\n    CFBundleURLName = \"zzuse.timeline\";\n    CFBundleURLSchemes =     (\n        \"zzuse.timeline\"\n    );\n}";
				INFOPLIST_KEY_NSMicrophoneUsageDescription = "Record short audio notes.";
				"INFOPLIST_KEY_UIApplicationSceneManifest_Generation[sdk=iphoneos*]" = YES;
				"INFOPLIST_KEY_UIApplicationSceneManifest_Generation[sdk=iphonesimulator*]" = YES;
				"INFOPLIST_KEY_UIApplicationSupportsIndirectInputEvents[sdk=iphoneos*]" = YES;
				"INFOPLIST_KEY_UIApplicationSupportsIndirectInputEvents[sdk=iphonesimulator*]" = YES;
				"INFOPLIST_KEY_UILaunchScreen_Generation[sdk=iphoneos*]" = YES;
				"INFOPLIST_KEY_UILaunchScreen_Generation[sdk=iphonesimulator*]" = YES;
				"INFOPLIST_KEY_UIStatusBarStyle[sdk=iphoneos*]" = UIStatusBarStyleDefault;
				"INFOPLIST_KEY_UIStatusBarStyle[sdk=iphonesimulator*]" = UIStatusBarStyleDefault;
				INFOPLIST_KEY_UISupportedInterfaceOrientations_iPad = "UIInterfaceOrientationPortrait UIInterfaceOrientationPortraitUpsideDown UIInterfaceOrientationLandscapeLeft UIInterfaceOrientationLandscapeRight";
				INFOPLIST_KEY_UISupportedInterfaceOrientations_iPhone = "UIInterfaceOrientationPortrait UIInterfaceOrientationLandscapeLeft UIInterfaceOrientationLandscapeRight";
				IPHONEOS_DEPLOYMENT_TARGET = 18.0;
				LD_RUNPATH_SEARCH_PATHS = "@executable_path/Frameworks";
				"LD_RUNPATH_SEARCH_PATHS[sdk=macosx*]" = "@executable_path/../Frameworks";
				MACOSX_DEPLOYMENT_TARGET = 15.0;
				MARKETING_VERSION = 1.0;
				PRODUCT_BUNDLE_IDENTIFIER = zzuse.timeline;
				PRODUCT_NAME = "$(TARGET_NAME)";
				SDKROOT = auto;
				SUPPORTED_PLATFORMS = "iphonesimulator iphoneos";
				SWIFT_EMIT_LOC_STRINGS = YES;
				SWIFT_VERSION = 5.0;
				TARGETED_DEVICE_FAMILY = "1,2,7";
				XROS_DEPLOYMENT_TARGET = 2.0;
			};
			name = Debug;
		};
		19E3D1352F18884000AF3440 /* Release */ = {
			isa = XCBuildConfiguration;
			buildSettings = {
				ASSETCATALOG_COMPILER_APPICON_NAME = AppIcon;
				ASSETCATALOG_COMPILER_GLOBAL_ACCENT_COLOR_NAME = AccentColor;
				CODE_SIGN_ENTITLEMENTS = timeline/timeline.entitlements;
				CODE_SIGN_STYLE = Automatic;
				CURRENT_PROJECT_VERSION = 1;
				DEVELOPMENT_ASSET_PATHS = "\"timeline/Preview Content\"";
				DEVELOPMENT_TEAM = R7V4TCF8A6;
				ENABLE_HARDENED_RUNTIME = YES;
				ENABLE_PREVIEWS = YES;
				GENERATE_INFOPLIST_FILE = YES;
				INFOPLIST_FILE = timeline/Info.plist;
				INFOPLIST_KEY_CFBundleURLTypes = "{\n    CFBundleURLName = \"zzuse.timeline\";\n    CFBundleURLSchemes =     (\n        \"zzuse.timeline\"\n    );\n}";
				INFOPLIST_KEY_NSMicrophoneUsageDescription = "Record short audio notes.";
				"INFOPLIST_KEY_UIApplicationSceneManifest_Generation[sdk=iphoneos*]" = YES;
				"INFOPLIST_KEY_UIApplicationSceneManifest_Generation[sdk=iphonesimulator*]" = YES;
				"INFOPLIST_KEY_UIApplicationSupportsIndirectInputEvents[sdk=iphoneos*]" = YES;
				"INFOPLIST_KEY_UIApplicationSupportsIndirectInputEvents[sdk=iphonesimulator*]" = YES;
				"INFOPLIST_KEY_UILaunchScreen_Generation[sdk=iphoneos*]" = YES;
				"INFOPLIST_KEY_UILaunchScreen_Generation[sdk=iphonesimulator*]" = YES;
				"INFOPLIST_KEY_UIStatusBarStyle[sdk=iphoneos*]" = UIStatusBarStyleDefault;
				"INFOPLIST_KEY_UIStatusBarStyle[sdk=iphonesimulator*]" = UIStatusBarStyleDefault;
				INFOPLIST_KEY_UISupportedInterfaceOrientations_iPad = "UIInterfaceOrientationPortrait UIInterfaceOrientationPortraitUpsideDown UIInterfaceOrientationLandscapeLeft UIInterfaceOrientationLandscapeRight";
				INFOPLIST_KEY_UISupportedInterfaceOrientations_iPhone = "UIInterfaceOrientationPortrait UIInterfaceOrientationLandscapeLeft UIInterfaceOrientationLandscapeRight";
				IPHONEOS_DEPLOYMENT_TARGET = 18.0;
				LD_RUNPATH_SEARCH_PATHS = "@executable_path/Frameworks";
				"LD_RUNPATH_SEARCH_PATHS[sdk=macosx*]" = "@executable_path/../Frameworks";
				MACOSX_DEPLOYMENT_TARGET = 15.0;
				MARKETING_VERSION = 1.0;
				PRODUCT_BUNDLE_IDENTIFIER = zzuse.timeline;
				PRODUCT_NAME = "$(TARGET_NAME)";
				SDKROOT = auto;
				SUPPORTED_PLATFORMS = "iphonesimulator iphoneos";
				SWIFT_EMIT_LOC_STRINGS = YES;
				SWIFT_VERSION = 5.0;
				TARGETED_DEVICE_FAMILY = "1,2,7";
				XROS_DEPLOYMENT_TARGET = 2.0;
			};
			name = Release;
		};
		19E3D1372F18884000AF3440 /* Debug */ = {
			isa = XCBuildConfiguration;
			buildSettings = {
				BUNDLE_LOADER = "$(TEST_HOST)";
				CODE_SIGN_STYLE = Automatic;
				CURRENT_PROJECT_VERSION = 1;
				DEVELOPMENT_TEAM = R7V4TCF8A6;
				GENERATE_INFOPLIST_FILE = YES;
				IPHONEOS_DEPLOYMENT_TARGET = 18.0;
				MACOSX_DEPLOYMENT_TARGET = 15.0;
				MARKETING_VERSION = 1.0;
				PRODUCT_BUNDLE_IDENTIFIER = zzuse.timelineTests;
				PRODUCT_NAME = "$(TARGET_NAME)";
				SDKROOT = auto;
				SUPPORTED_PLATFORMS = "iphoneos iphonesimulator macosx xros xrsimulator";
				SWIFT_EMIT_LOC_STRINGS = NO;
				SWIFT_VERSION = 5.0;
				TARGETED_DEVICE_FAMILY = "1,2,7";
				TEST_HOST = "$(BUILT_PRODUCTS_DIR)/timeline.app/$(BUNDLE_EXECUTABLE_FOLDER_PATH)/timeline";
				XROS_DEPLOYMENT_TARGET = 2.0;
			};
			name = Debug;
		};
		19E3D1382F18884000AF3440 /* Release */ = {
			isa = XCBuildConfiguration;
			buildSettings = {
				BUNDLE_LOADER = "$(TEST_HOST)";
				CODE_SIGN_STYLE = Automatic;
				CURRENT_PROJECT_VERSION = 1;
				DEVELOPMENT_TEAM = R7V4TCF8A6;
				GENERATE_INFOPLIST_FILE = YES;
				IPHONEOS_DEPLOYMENT_TARGET = 18.0;
				MACOSX_DEPLOYMENT_TARGET = 15.0;
				MARKETING_VERSION = 1.0;
				PRODUCT_BUNDLE_IDENTIFIER = zzuse.timelineTests;
				PRODUCT_NAME = "$(TARGET_NAME)";
				SDKROOT = auto;
				SUPPORTED_PLATFORMS = "iphoneos iphonesimulator macosx xros xrsimulator";
				SWIFT_EMIT_LOC_STRINGS = NO;
				SWIFT_VERSION = 5.0;
				TARGETED_DEVICE_FAMILY = "1,2,7";
				TEST_HOST = "$(BUILT_PRODUCTS_DIR)/timeline.app/$(BUNDLE_EXECUTABLE_FOLDER_PATH)/timeline";
				XROS_DEPLOYMENT_TARGET = 2.0;
			};
			name = Release;
		};
		19E3D13A2F18884000AF3440 /* Debug */ = {
			isa = XCBuildConfiguration;
			buildSettings = {
				CODE_SIGN_STYLE = Automatic;
				CURRENT_PROJECT_VERSION = 1;
				DEVELOPMENT_TEAM = R7V4TCF8A6;
				GENERATE_INFOPLIST_FILE = YES;
				IPHONEOS_DEPLOYMENT_TARGET = 18.0;
				MACOSX_DEPLOYMENT_TARGET = 15.0;
				MARKETING_VERSION = 1.0;
				PRODUCT_BUNDLE_IDENTIFIER = zzuse.timelineUITests;
				PRODUCT_NAME = "$(TARGET_NAME)";
				SDKROOT = auto;
				SUPPORTED_PLATFORMS = "iphoneos iphonesimulator macosx xros xrsimulator";
				SWIFT_EMIT_LOC_STRINGS = NO;
				SWIFT_VERSION = 5.0;
				TARGETED_DEVICE_FAMILY = "1,2,7";
				TEST_TARGET_NAME = timeline;
				XROS_DEPLOYMENT_TARGET = 2.0;
			};
			name = Debug;
		};
		19E3D13B2F18884000AF3440 /* Release */ = {
			isa = XCBuildConfiguration;
			buildSettings = {
				CODE_SIGN_STYLE = Automatic;
				CURRENT_PROJECT_VERSION = 1;
				DEVELOPMENT_TEAM = R7V4TCF8A6;
				GENERATE_INFOPLIST_FILE = YES;
				IPHONEOS_DEPLOYMENT_TARGET = 18.0;
				MACOSX_DEPLOYMENT_TARGET = 15.0;
				MARKETING_VERSION = 1.0;
				PRODUCT_BUNDLE_IDENTIFIER = zzuse.timelineUITests;
				PRODUCT_NAME = "$(TARGET_NAME)";
				SDKROOT = auto;
				SUPPORTED_PLATFORMS = "iphoneos iphonesimulator macosx xros xrsimulator";
				SWIFT_EMIT_LOC_STRINGS = NO;
				SWIFT_VERSION = 5.0;
				TARGETED_DEVICE_FAMILY = "1,2,7";
				TEST_TARGET_NAME = timeline;
				XROS_DEPLOYMENT_TARGET = 2.0;
			};
			name = Release;
		};
/* End XCBuildConfiguration section */

/* Begin XCConfigurationList section */
		19E3D1092F18883F00AF3440 /* Build configuration list for PBXProject "timeline" */ = {
			isa = XCConfigurationList;
			buildConfigurations = (
				19E3D1312F18884000AF3440 /* Debug */,
				19E3D1322F18884000AF3440 /* Release */,
			);
			defaultConfigurationIsVisible = 0;
			defaultConfigurationName = Release;
		};
		19E3D1332F18884000AF3440 /* Build configuration list for PBXNativeTarget "timeline" */ = {
			isa = XCConfigurationList;
			buildConfigurations = (
				19E3D1342F18884000AF3440 /* Debug */,
				19E3D1352F18884000AF3440 /* Release */,
			);
			defaultConfigurationIsVisible = 0;
			defaultConfigurationName = Release;
		};
		19E3D1362F18884000AF3440 /* Build configuration list for PBXNativeTarget "timelineTests" */ = {
			isa = XCConfigurationList;
			buildConfigurations = (
				19E3D1372F18884000AF3440 /* Debug */,
				19E3D1382F18884000AF3440 /* Release */,
			);
			defaultConfigurationIsVisible = 0;
			defaultConfigurationName = Release;
		};
		19E3D1392F18884000AF3440 /* Build configuration list for PBXNativeTarget "timelineUITests" */ = {
			isa = XCConfigurationList;
			buildConfigurations = (
				19E3D13A2F18884000AF3440 /* Debug */,
				19E3D13B2F18884000AF3440 /* Release */,
			);
			defaultConfigurationIsVisible = 0;
			defaultConfigurationName = Release;
		};
/* End XCConfigurationList section */
	};
	rootObject = 19E3D1062F18883F00AF3440 /* Project object */;
}
